
Microsoft Visual Studio Solution File, Format Version 12.00
# Visual Studio Version 17
VisualStudioVersion = 17.5.002.0
MinimumVisualStudioVersion = 10.0.40219.1
Project("{9A19103F-16F7-4668-BE54-9A1E7A4F7556}") = "Proyecto 4", "Proyecto 4.csproj", "{C94FB127-F1D4-4F86-8FDD-5A514168D78B}"
EndProject
Global
	GlobalSection(SolutionConfigurationPlatforms) = preSolution
		Debug|Any CPU = Debug|Any CPU
		Release|Any CPU = Release|Any CPU
	EndGlobalSection
	GlobalSection(ProjectConfigurationPlatforms) = postSolution
		{C94FB127-F1D4-4F86-8FDD-5A514168D78B}.Debug|Any CPU.ActiveCfg = Debug|Any CPU
		{C94FB127-F1D4-4F86-8FDD-5A514168D78B}.Debug|Any CPU.Build.0 = Debug|Any CPU
		{C94FB127-F1D4-4F86-8FDD-5A514168D78B}.Release|Any CPU.ActiveCfg = Release|Any CPU
		{C94FB127-F1D4-4F86-8FDD-5A514168D78B}.Release|Any CPU.Build.0 = Release|Any CPU
	EndGlobalSection
	GlobalSection(SolutionProperties) = preSolution
		HideSolutionNode = FALSE
	EndGlobalSection
	GlobalSection(ExtensibilityGlobals) = postSolution
		SolutionGuid = {CF94014C-2629-46B6-935D-E4B98981379B}
	EndGlobalSection
EndGlobal
